<?xml version="1.0" encoding="utf-8"?>
<Project ToolsVersion="4.0" xmlns="http://schemas.microsoft.com/developer/msbuild/2003">
  <ItemGroup>
    <Filter Include="소스 파일">
      <UniqueIdentifier>{4FC737F1-C7A5-4376-A066-2A32D752A2FF}</UniqueIdentifier>
      <Extensions>cpp;c;cc;cxx;def;odl;idl;hpj;bat;asm;asmx</Extensions>
    </Filter>
    <Filter Include="헤더 파일">
      <UniqueIdentifier>{93995380-89BD-4b04-88EB-625FBE52EBFB}</UniqueIdentifier>
      <Extensions>h;hh;hpp;hxx;hm;inl;inc;ipp;xsd</Extensions>
    </Filter>
    <Filter Include="리소스 파일">
      <UniqueIdentifier>{67DA6AB6-F800-4c08-8B7A-83BB121AAD01}</UniqueIdentifier>
      <Extensions>rc;ico;cur;bmp;dlg;rc2;rct;bin;rgs;gif;jpg;jpeg;jpe;resx;tiff;tif;png;wav;mfcribbon-ms</Extensions>
    </Filter>
  </ItemGroup>
  <ItemGroup>
    <ClInclude Include="Insamanage.h">
      <Filter>헤더 파일</Filter>
    </ClInclude>
    <ClInclude Include="stdafx.h">
      <Filter>헤더 파일</Filter>
    </ClInclude>
    <ClInclude Include="targetver.h">
      <Filter>헤더 파일</Filter>
    </ClInclude>
    <ClInclude Include="MainFrm.h">
      <Filter>헤더 파일</Filter>
    </ClInclude>
    <ClInclude Include="ChildFrm.h">
      <Filter>헤더 파일</Filter>
    </ClInclude>
    <ClInclude Include="InsamanageDoc.h">
      <Filter>헤더 파일</Filter>
    </ClInclude>
    <ClInclude Include="InsamanageView.h">
      <Filter>헤더 파일</Filter>
    </ClInclude>
    <ClInclude Include="Resource.h">
      <Filter>헤더 파일</Filter>
    </ClInclude>
    <ClInclude Include="FileView.h">
      <Filter>헤더 파일</Filter>
    </ClInclude>
    <ClInclude Include="ClassView.h">
      <Filter>헤더 파일</Filter>
    </ClInclude>
    <ClInclude Include="ViewTree.h">
      <Filter>헤더 파일</Filter>
    </ClInclude>
    <ClInclude Include="OutputWnd.h">
      <Filter>헤더 파일</Filter>
    </ClInclude>
    <ClInclude Include="PropertiesWnd.h">
      <Filter>헤더 파일</Filter>
    </ClInclude>
    <ClInclude Include="Menulist.h">
      <Filter>헤더 파일</Filter>
    </ClInclude>
    <ClInclude Include="CMenuTree.h">
      <Filter>헤더 파일</Filter>
    </ClInclude>
    <ClInclude Include="Chulgeun_isang.h">
      <Filter>헤더 파일</Filter>
    </ClInclude>
    <ClInclude Include="Assign_Daily_work.h">
      <Filter>헤더 파일</Filter>
    </ClInclude>
    <ClInclude Include="Biweekend_SaturDay.h">
      <Filter>헤더 파일</Filter>
    </ClInclude>
    <ClInclude Include="Daily_Work_View.h">
      <Filter>헤더 파일</Filter>
    </ClInclude>
    <ClInclude Include="Depart_Attend_Daily.h">
      <Filter>헤더 파일</Filter>
    </ClInclude>
    <ClInclude Include="Depart_Attend_List.h">
      <Filter>헤더 파일</Filter>
    </ClInclude>
    <ClInclude Include="Employee_Attend_Card_Assign.h">
      <Filter>헤더 파일</Filter>
    </ClInclude>
    <ClInclude Include="Overtime_View.h">
      <Filter>헤더 파일</Filter>
    </ClInclude>
    <ClInclude Include="Person_Attend_View.h">
      <Filter>헤더 파일</Filter>
    </ClInclude>
    <ClInclude Include="Personal_Day_Assign.h">
      <Filter>헤더 파일</Filter>
    </ClInclude>
    <ClInclude Include="TimeCard_Gen.h">
      <Filter>헤더 파일</Filter>
    </ClInclude>
    <ClInclude Include="Code_Company_Assign.h">
      <Filter>헤더 파일</Filter>
    </ClInclude>
    <ClInclude Include="Pay_Deduct_Extra_Assign.h">
      <Filter>헤더 파일</Filter>
    </ClInclude>
    <ClInclude Include="Pay_Person_Monpay_Assign.h">
      <Filter>헤더 파일</Filter>
    </ClInclude>
    <ClInclude Include="Pay_Var_Deduct_Extra_Assign.h">
      <Filter>헤더 파일</Filter>
    </ClInclude>
    <ClInclude Include="Pay_Workpay_List.h">
      <Filter>헤더 파일</Filter>
    </ClInclude>
    <ClInclude Include="Mon_Work_Edit_View.h">
      <Filter>헤더 파일</Filter>
    </ClInclude>
    <ClInclude Include="Mon_Attend_Print.h">
      <Filter>헤더 파일</Filter>
    </ClInclude>
    <ClInclude Include="Mon_Dep_Daily_Att.h">
      <Filter>헤더 파일</Filter>
    </ClInclude>
    <ClInclude Include="Mon_HolyDay_Check.h">
      <Filter>헤더 파일</Filter>
    </ClInclude>
    <ClInclude Include="Mon_HolyDay_Gen.h">
      <Filter>헤더 파일</Filter>
    </ClInclude>
    <ClInclude Include="Mon_HolyDay_View.h">
      <Filter>헤더 파일</Filter>
    </ClInclude>
    <ClInclude Include="Mon_HolyDay_Viewedit.h">
      <Filter>헤더 파일</Filter>
    </ClInclude>
    <ClInclude Include="Mon_Manager_Attend_View.h">
      <Filter>헤더 파일</Filter>
    </ClInclude>
    <ClInclude Include="Mon_Overwork_View.h">
      <Filter>헤더 파일</Filter>
    </ClInclude>
    <ClInclude Include="Mon_Person_Attend_Print.h">
      <Filter>헤더 파일</Filter>
    </ClInclude>
    <ClInclude Include="Mon_Work_Data_Gen.h">
      <Filter>헤더 파일</Filter>
    </ClInclude>
    <ClInclude Include="Insa_Dep_Employee_View.h">
      <Filter>헤더 파일</Filter>
    </ClInclude>
    <ClInclude Include="Insa_Person_Career_Assign.h">
      <Filter>헤더 파일</Filter>
    </ClInclude>
    <ClInclude Include="Insa_Person_Info_Assign.h">
      <Filter>헤더 파일</Filter>
    </ClInclude>
    <ClInclude Include="Insa_Person_Scholarship_Assign.h">
      <Filter>헤더 파일</Filter>
    </ClInclude>
    <ClInclude Include="Insa_Person_Work_Year.h">
      <Filter>헤더 파일</Filter>
    </ClInclude>
    <ClInclude Include="Code_Personpay_Assign.h">
      <Filter>헤더 파일</Filter>
    </ClInclude>
    <ClInclude Include="Code_Personpay_List.h">
      <Filter>헤더 파일</Filter>
    </ClInclude>
    <ClInclude Include="Code_Postnum_Assign.h">
      <Filter>헤더 파일</Filter>
    </ClInclude>
    <ClInclude Include="Mon_Work_Print.h">
      <Filter>헤더 파일</Filter>
    </ClInclude>
    <ClInclude Include="Prog_dbmanage.h">
      <Filter>헤더 파일</Filter>
    </ClInclude>
    <ClInclude Include="dialogexam.h">
      <Filter>헤더 파일</Filter>
    </ClInclude>
    <ClInclude Include="CSqlEdit.h">
      <Filter>헤더 파일</Filter>
    </ClInclude>
    <ClInclude Include="sqlite3.h">
      <Filter>헤더 파일</Filter>
    </ClInclude>
    <ClInclude Include="CInsaListCtrl.h">
      <Filter>헤더 파일</Filter>
    </ClInclude>
  </ItemGroup>
  <ItemGroup>
    <ClCompile Include="Insamanage.cpp">
      <Filter>소스 파일</Filter>
    </ClCompile>
    <ClCompile Include="stdafx.cpp">
      <Filter>소스 파일</Filter>
    </ClCompile>
    <ClCompile Include="MainFrm.cpp">
      <Filter>소스 파일</Filter>
    </ClCompile>
    <ClCompile Include="ChildFrm.cpp">
      <Filter>소스 파일</Filter>
    </ClCompile>
    <ClCompile Include="InsamanageDoc.cpp">
      <Filter>소스 파일</Filter>
    </ClCompile>
    <ClCompile Include="InsamanageView.cpp">
      <Filter>소스 파일</Filter>
    </ClCompile>
    <ClCompile Include="FileView.cpp">
      <Filter>소스 파일</Filter>
    </ClCompile>
    <ClCompile Include="ClassView.cpp">
      <Filter>소스 파일</Filter>
    </ClCompile>
    <ClCompile Include="ViewTree.cpp">
      <Filter>소스 파일</Filter>
    </ClCompile>
    <ClCompile Include="OutputWnd.cpp">
      <Filter>소스 파일</Filter>
    </ClCompile>
    <ClCompile Include="PropertiesWnd.cpp">
      <Filter>소스 파일</Filter>
    </ClCompile>
    <ClCompile Include="Menulist.cpp">
      <Filter>소스 파일</Filter>
    </ClCompile>
    <ClCompile Include="CMenuTree.cpp">
      <Filter>소스 파일</Filter>
    </ClCompile>
    <ClCompile Include="Chulgeun_isang.cpp">
      <Filter>소스 파일</Filter>
    </ClCompile>
    <ClCompile Include="Assign_Daily_work.cpp">
      <Filter>소스 파일</Filter>
    </ClCompile>
    <ClCompile Include="Biweekend_SaturDay.cpp">
      <Filter>소스 파일</Filter>
    </ClCompile>
    <ClCompile Include="Daily_Work_View.cpp">
      <Filter>소스 파일</Filter>
    </ClCompile>
    <ClCompile Include="Depart_Attend_Daily.cpp">
      <Filter>소스 파일</Filter>
    </ClCompile>
    <ClCompile Include="Depart_Attend_List.cpp">
      <Filter>소스 파일</Filter>
    </ClCompile>
    <ClCompile Include="Employee_Attend_Card_Assign.cpp">
      <Filter>소스 파일</Filter>
    </ClCompile>
    <ClCompile Include="Overtime_View.cpp">
      <Filter>소스 파일</Filter>
    </ClCompile>
    <ClCompile Include="Person_Attend_View.cpp">
      <Filter>소스 파일</Filter>
    </ClCompile>
    <ClCompile Include="Personal_Day_Assign.cpp">
      <Filter>소스 파일</Filter>
    </ClCompile>
    <ClCompile Include="TimeCard_Gen.cpp">
      <Filter>소스 파일</Filter>
    </ClCompile>
    <ClCompile Include="Code_Company_Assign.cpp">
      <Filter>소스 파일</Filter>
    </ClCompile>
    <ClCompile Include="Pay_Deduct_Extra_Assign.cpp">
      <Filter>소스 파일</Filter>
    </ClCompile>
    <ClCompile Include="Pay_Person_Monpay_Assign.cpp">
      <Filter>소스 파일</Filter>
    </ClCompile>
    <ClCompile Include="Pay_Var_Deduct_Extra_Assign.cpp">
      <Filter>소스 파일</Filter>
    </ClCompile>
    <ClCompile Include="Pay_Workpay_List.cpp">
      <Filter>소스 파일</Filter>
    </ClCompile>
    <ClCompile Include="Mon_Attend_Print.cpp">
      <Filter>소스 파일</Filter>
    </ClCompile>
    <ClCompile Include="Mon_Dep_Daily_Att.cpp">
      <Filter>소스 파일</Filter>
    </ClCompile>
    <ClCompile Include="Mon_HolyDay_Check.cpp">
      <Filter>소스 파일</Filter>
    </ClCompile>
    <ClCompile Include="Mon_HolyDay_Gen.cpp">
      <Filter>소스 파일</Filter>
    </ClCompile>
    <ClCompile Include="Mon_HolyDay_View.cpp">
      <Filter>소스 파일</Filter>
    </ClCompile>
    <ClCompile Include="Mon_HolyDay_Viewedit.cpp">
      <Filter>소스 파일</Filter>
    </ClCompile>
    <ClCompile Include="Mon_Manager_Attend_View.cpp">
      <Filter>소스 파일</Filter>
    </ClCompile>
    <ClCompile Include="Mon_Overwork_View.cpp">
      <Filter>소스 파일</Filter>
    </ClCompile>
    <ClCompile Include="Mon_Person_Attend_Print.cpp">
      <Filter>소스 파일</Filter>
    </ClCompile>
    <ClCompile Include="Mon_Work_Data_Gen.cpp">
      <Filter>소스 파일</Filter>
    </ClCompile>
    <ClCompile Include="Mon_Work_Edit_View.cpp">
      <Filter>소스 파일</Filter>
    </ClCompile>
    <ClCompile Include="Insa_Dep_Employee_View.cpp">
      <Filter>소스 파일</Filter>
    </ClCompile>
    <ClCompile Include="Insa_Person_Career_Assign.cpp">
      <Filter>소스 파일</Filter>
    </ClCompile>
    <ClCompile Include="Insa_Person_Info_Assign.cpp">
      <Filter>소스 파일</Filter>
    </ClCompile>
    <ClCompile Include="Insa_Person_Scholarship_Assign.cpp">
      <Filter>소스 파일</Filter>
    </ClCompile>
    <ClCompile Include="Insa_Person_Work_Year.cpp">
      <Filter>소스 파일</Filter>
    </ClCompile>
    <ClCompile Include="Code_Personpay_Assign.cpp">
      <Filter>소스 파일</Filter>
    </ClCompile>
    <ClCompile Include="Code_Personpay_List.cpp">
      <Filter>소스 파일</Filter>
    </ClCompile>
    <ClCompile Include="Code_Postnum_Assign.cpp">
      <Filter>소스 파일</Filter>
    </ClCompile>
    <ClCompile Include="Mon_Work_Print.cpp">
      <Filter>소스 파일</Filter>
    </ClCompile>
    <ClCompile Include="Prog_dbmanage.cpp">
      <Filter>소스 파일</Filter>
    </ClCompile>
    <ClCompile Include="dialogexam.cpp">
      <Filter>소스 파일</Filter>
    </ClCompile>
    <ClCompile Include="CSqlEdit.cpp">
      <Filter>소스 파일</Filter>
    </ClCompile>
    <ClCompile Include="CInsaListCtrl.cpp">
      <Filter>소스 파일</Filter>
    </ClCompile>
  </ItemGroup>
  <ItemGroup>
    <ResourceCompile Include="Insamanage.rc">
      <Filter>리소스 파일</Filter>
    </ResourceCompile>
  </ItemGroup>
  <ItemGroup>
    <Image Include="res\file_view.ico">
      <Filter>리소스 파일</Filter>
    </Image>
    <Image Include="res\file_view_hc.ico">
      <Filter>리소스 파일</Filter>
    </Image>
    <Image Include="res\class_view.ico">
      <Filter>리소스 파일</Filter>
    </Image>
    <Image Include="res\class_view_hc.ico">
      <Filter>리소스 파일</Filter>
    </Image>
    <Image Include="res\fileview.bmp">
      <Filter>리소스 파일</Filter>
    </Image>
    <Image Include="res\fileview_hc.bmp">
      <Filter>리소스 파일</Filter>
    </Image>
    <Image Include="res\classview.bmp">
      <Filter>리소스 파일</Filter>
    </Image>
    <Image Include="res\classview_hc.bmp">
      <Filter>리소스 파일</Filter>
    </Image>
    <Image Include="res\explorer.bmp">
      <Filter>리소스 파일</Filter>
    </Image>
    <Image Include="res\explorer_hc.bmp">
      <Filter>리소스 파일</Filter>
    </Image>
    <Image Include="res\sort.bmp">
      <Filter>리소스 파일</Filter>
    </Image>
    <Image Include="res\sort_hc.bmp">
      <Filter>리소스 파일</Filter>
    </Image>
    <Image Include="res\menuimages.bmp">
      <Filter>리소스 파일</Filter>
    </Image>
    <Image Include="res\menuimages_hc.bmp">
      <Filter>리소스 파일</Filter>
    </Image>
    <Image Include="res\output_wnd.ico">
      <Filter>리소스 파일</Filter>
    </Image>
    <Image Include="res\output_wnd_hc.ico">
      <Filter>리소스 파일</Filter>
    </Image>
    <Image Include="res\properties_wnd.ico">
      <Filter>리소스 파일</Filter>
    </Image>
    <Image Include="res\properties_wnd_hc.ico">
      <Filter>리소스 파일</Filter>
    </Image>
    <Image Include="res\properties.bmp">
      <Filter>리소스 파일</Filter>
    </Image>
    <Image Include="res\properties_hc.bmp">
      <Filter>리소스 파일</Filter>
    </Image>
    <Image Include="res\userimages.bmp">
      <Filter>리소스 파일</Filter>
    </Image>
    <Image Include="res\InsamanageDoc.ico">
      <Filter>리소스 파일</Filter>
    </Image>
    <Image Include="res\Insamanage.ico">
      <Filter>리소스 파일</Filter>
    </Image>
    <Image Include="res\Toolbar.bmp">
      <Filter>리소스 파일</Filter>
    </Image>
    <Image Include="res\Toolbar256.bmp">
      <Filter>리소스 파일</Filter>
    </Image>
    <Image Include="..\..\..\Desktop\frmbackground.bmp">
      <Filter>리소스 파일</Filter>
    </Image>
    <Image Include="res\frmbackground.bmp">
      <Filter>리소스 파일</Filter>
    </Image>
  </ItemGroup>
  <ItemGroup>
    <None Include="res\Insamanage.rc2">
      <Filter>리소스 파일</Filter>
    </None>
    <None Include="Insamanage.aps" />
    <None Include="packages.config" />
  </ItemGroup>
  <ItemGroup>
    <Library Include="sqlite3.lib" />
  </ItemGroup>
</Project>